{
  "name": "example",
  "version": "0.0.1",
  "lockfileVersion": 1,
  "requires": true,
  "dependencies": {
    "@types/node": {
      "version": "8.10.39",
      "resolved": "https://artifactnub1.jfrog.io/artifactnub1/api/npm/npm-virtual/@types/node/-/node-8.10.39.tgz",
      "integrity": "sha1-5+h60ANk3XvEhclAkmNFuOwaJso="
    },
    "accepts": {
      "version": "1.3.4",
      "resolved": "https://artifactnub1.jfrog.io/artifactnub1/api/npm/npm-virtual/accepts/-/accepts-1.3.4.tgz",
      "integrity": "sha1-hiRnWMfdbSGmR0/whKR0DsBesh8=",
      "requires": {
        "mime-types": "~2.1.16",
        "negotiator": "0.6.1"
      }
    },
    "agent-base": {
      "version": "4.2.1",
      "resolved": "https://artifactnub1.jfrog.io/artifactnub1/api/npm/npm-virtual/agent-base/-/agent-base-4.2.1.tgz",
      "integrity": "sha1-2J5ZmfeXh1Z0wH2H8mD8Qeg+jKk=",
      "requires": {
        "es6-promisify": "^5.0.0"
      }
    },
    "agentkeepalive": {
      "version": "3.5.2",
      "resolved": "https://artifactnub1.jfrog.io/artifactnub1/api/npm/npm-virtual/agentkeepalive/-/agentkeepalive-3.5.2.tgz",
      "integrity": "sha1-oROSTdP6JKC8O3gQjEUMKr7gD2c=",
      "requires": {
        "humanize-ms": "^1.2.1"
      }
    },
    "array-flatten": {
      "version": "1.1.1",
      "resolved": "https://artifactnub1.jfrog.io/artifactnub1/api/npm/npm-virtual/array-flatten/-/array-flatten-1.1.1.tgz",
      "integrity": "sha1-ml9pkFGx5wczKPKgCJaLZOopVdI="
    },
    "ast-types": {
      "version": "0.11.7",
      "resolved": "https://artifactnub1.jfrog.io/artifactnub1/api/npm/npm-virtual/ast-types/-/ast-types-0.11.7.tgz",
      "integrity": "sha1-8xi/ROM522oyC+AAne1k7BRx9Gw="
    },
    "async": {
      "version": "2.1.2",
      "resolved": "https://artifactnub1.jfrog.io/artifactnub1/api/npm/npm-virtual/async/-/async-2.1.2.tgz",
      "integrity": "sha1-YSpKtF70KnDN6Aa62G7m2wR+g4U=",
      "requires": {
        "lodash": "^4.14.0"
      }
    },
    "asynckit": {
      "version": "0.4.0",
      "resolved": "https://artifactnub1.jfrog.io/artifactnub1/api/npm/npm-virtual/asynckit/-/asynckit-0.4.0.tgz",
      "integrity": "sha1-x57Zf380y48robyXkLzDZkdLS3k="
    },
    "axios": {
      "version": "0.16.2",
      "resolved": "https://artifactnub1.jfrog.io/artifactnub1/api/npm/npm-virtual/axios/-/axios-0.16.2.tgz",
      "integrity": "sha1-uk+S8XFn37q0CYN4VFS5rBScPG0=",
      "requires": {
        "follow-redirects": "^1.2.3",
        "is-buffer": "^1.1.5"
      }
    },
    "body-parser": {
      "version": "1.18.2",
      "resolved": "https://artifactnub1.jfrog.io/artifactnub1/api/npm/npm-virtual/body-parser/-/body-parser-1.18.2.tgz",
      "integrity": "sha1-h2eKGdhLR9hZuDGZvVm84iKxBFQ=",
      "requires": {
        "bytes": "3.0.0",
        "content-type": "~1.0.4",
        "debug": "2.6.9",
        "depd": "~1.1.1",
        "http-errors": "~1.6.2",
        "iconv-lite": "0.4.19",
        "on-finished": "~2.3.0",
        "qs": "6.5.1",
        "raw-body": "2.3.2",
        "type-is": "~1.6.15"
      },
      "dependencies": {
        "debug": {
          "version": "2.6.9",
          "resolved": "https://artifactnub1.jfrog.io/artifactnub1/api/npm/npm-virtual/debug/-/debug-2.6.9.tgz",
          "integrity": "sha1-XRKFFd8TT/Mn6QpMk/Tgd6U2NB8=",
          "requires": {
            "ms": "2.0.0"
          }
        }
      }
    },
    "bytes": {
      "version": "3.0.0",
      "resolved": "https://artifactnub1.jfrog.io/artifactnub1/api/npm/npm-virtual/bytes/-/bytes-3.0.0.tgz",
      "integrity": "sha1-0ygVQE1olpn4Wk6k+odV3ROpYEg="
    },
    "chat-engine": {
      "version": "0.9.21",
      "resolved": "https://registry.npmjs.org/chat-engine/-/chat-engine-0.9.21.tgz",
      "integrity": "sha512-7l53RZ82MREd0aPUoFZE8YJCKLrlcGogc7L/20Qw3ICl7YF2cKVLEYTMYcisoZvLVYwmwoj4W6iKWYvyCx6Fbg==",
      "requires": {
        "async": "2.1.2",
        "axios": "0.16.2",
        "eventemitter2": "2.2.1",
        "pubnub": "4.20.2"
      }
    },
    "chat-engine-typing-indicator": {
      "version": "0.0.9",
      "resolved": "https://artifactnub1.jfrog.io/artifactnub1/api/npm/npm-virtual/chat-engine-typing-indicator/-/chat-engine-typing-indicator-0.0.9.tgz",
      "integrity": "sha1-++o3QMHPghMir/W6Um0AMP8qgkI=",
      "requires": {
        "chat-engine": "^0.8.3"
      },
      "dependencies": {
        "chat-engine": {
          "version": "0.8.4",
          "resolved": "https://artifactnub1.jfrog.io/artifactnub1/api/npm/npm-virtual/chat-engine/-/chat-engine-0.8.4.tgz",
          "integrity": "sha1-gV2KArouEDckZ6YdkGlv18SM2PY=",
          "requires": {
            "async": "^2.1.2",
            "axios": "^0.16.2",
            "eventemitter2": "^2.2.1",
            "pubnub": "^4.17.0"
          }
        }
      }
    },
    "co": {
      "version": "4.6.0",
      "resolved": "https://artifactnub1.jfrog.io/artifactnub1/api/npm/npm-virtual/co/-/co-4.6.0.tgz",
      "integrity": "sha1-bqa989hTrlTMuOR7+gvz+QMfsYQ="
    },
    "colors": {
      "version": "1.0.3",
      "resolved": "https://artifactnub1.jfrog.io/artifactnub1/api/npm/npm-virtual/colors/-/colors-1.0.3.tgz",
      "integrity": "sha1-BDP0TYCWgP3rYO0mDxsMJi6CpAs="
    },
    "combined-stream": {
      "version": "1.0.7",
      "resolved": "https://artifactnub1.jfrog.io/artifactnub1/api/npm/npm-virtual/combined-stream/-/combined-stream-1.0.7.tgz",
      "integrity": "sha1-LR0kMXr7ir6V1tLAsHtXgTU52Cg=",
      "requires": {
        "delayed-stream": "~1.0.0"
      }
    },
    "component-emitter": {
      "version": "1.2.1",
      "resolved": "https://artifactnub1.jfrog.io/artifactnub1/api/npm/npm-virtual/component-emitter/-/component-emitter-1.2.1.tgz",
      "integrity": "sha1-E3kY1teCg/ffemt8WmPhQOaUJeY="
    },
    "content-disposition": {
      "version": "0.5.2",
      "resolved": "https://artifactnub1.jfrog.io/artifactnub1/api/npm/npm-virtual/content-disposition/-/content-disposition-0.5.2.tgz",
      "integrity": "sha1-DPaLud318r55YcOoUXjLhdunjLQ="
    },
    "content-type": {
      "version": "1.0.4",
      "resolved": "https://artifactnub1.jfrog.io/artifactnub1/api/npm/npm-virtual/content-type/-/content-type-1.0.4.tgz",
      "integrity": "sha1-4TjMdeBAxyexlm/l5fjJruJW/js="
    },
    "cookie": {
      "version": "0.3.1",
      "resolved": "https://artifactnub1.jfrog.io/artifactnub1/api/npm/npm-virtual/cookie/-/cookie-0.3.1.tgz",
      "integrity": "sha1-5+Ch+e9DtMi6klxcWpboBtFoc7s="
    },
    "cookie-signature": {
      "version": "1.0.6",
      "resolved": "https://artifactnub1.jfrog.io/artifactnub1/api/npm/npm-virtual/cookie-signature/-/cookie-signature-1.0.6.tgz",
      "integrity": "sha1-4wOogrNCzD7oylE6eZmXNNqzriw="
    },
    "cookiejar": {
      "version": "2.1.2",
      "resolved": "https://artifactnub1.jfrog.io/artifactnub1/api/npm/npm-virtual/cookiejar/-/cookiejar-2.1.2.tgz",
      "integrity": "sha1-3YojVTB1L5iPmghE8/xYnjERElw="
    },
    "core-util-is": {
      "version": "1.0.2",
      "resolved": "https://artifactnub1.jfrog.io/artifactnub1/api/npm/npm-virtual/core-util-is/-/core-util-is-1.0.2.tgz",
      "integrity": "sha1-tf1UIgqivFq1eqtxQMlAdUUDwac="
    },
    "corser": {
      "version": "2.0.1",
      "resolved": "https://artifactnub1.jfrog.io/artifactnub1/api/npm/npm-virtual/corser/-/corser-2.0.1.tgz",
      "integrity": "sha1-jtolLsqrWEDc2XXOuQ2TcMgZ/4c="
    },
    "data-uri-to-buffer": {
      "version": "2.0.0",
      "resolved": "https://artifactnub1.jfrog.io/artifactnub1/api/npm/npm-virtual/data-uri-to-buffer/-/data-uri-to-buffer-2.0.0.tgz",
      "integrity": "sha1-C6I2cXJzSYKMMs+v3epBGQjRPSM=",
      "requires": {
        "@types/node": "^8.0.7"
      }
    },
    "debug": {
      "version": "3.1.0",
      "resolved": "https://artifactnub1.jfrog.io/artifactnub1/api/npm/npm-virtual/debug/-/debug-3.1.0.tgz",
      "integrity": "sha1-W7WgZyYotkFJVmuhaBnmFRjGcmE=",
      "requires": {
        "ms": "2.0.0"
      }
    },
    "deep-is": {
      "version": "0.1.3",
      "resolved": "https://artifactnub1.jfrog.io/artifactnub1/api/npm/npm-virtual/deep-is/-/deep-is-0.1.3.tgz",
      "integrity": "sha1-s2nW+128E+7PUk+RsHD+7cNXzzQ="
    },
    "degenerator": {
      "version": "1.0.4",
      "resolved": "https://artifactnub1.jfrog.io/artifactnub1/api/npm/npm-virtual/degenerator/-/degenerator-1.0.4.tgz",
      "integrity": "sha1-/PSQo37OJmRk2cxDGrmMWBnO0JU=",
      "requires": {
        "ast-types": "0.x.x",
        "escodegen": "1.x.x",
        "esprima": "3.x.x"
      }
    },
    "delayed-stream": {
      "version": "1.0.0",
      "resolved": "https://artifactnub1.jfrog.io/artifactnub1/api/npm/npm-virtual/delayed-stream/-/delayed-stream-1.0.0.tgz",
      "integrity": "sha1-3zrhmayt+31ECqrgsp4icrJOxhk="
    },
    "depd": {
      "version": "1.1.1",
      "resolved": "https://artifactnub1.jfrog.io/artifactnub1/api/npm/npm-virtual/depd/-/depd-1.1.1.tgz",
      "integrity": "sha1-V4O04cRZ8G+lyif5kfPQbnoxA1k="
    },
    "destroy": {
      "version": "1.0.4",
      "resolved": "https://artifactnub1.jfrog.io/artifactnub1/api/npm/npm-virtual/destroy/-/destroy-1.0.4.tgz",
      "integrity": "sha1-l4hXRCxEdJ5CBmE+N5RiBYJqvYA="
    },
    "ecstatic": {
      "version": "2.2.2",
      "resolved": "https://registry.npmjs.org/ecstatic/-/ecstatic-2.2.2.tgz",
      "integrity": "sha512-F1g29y3I+abOS+M0AiK2O9R96AJ49Bc3kH696HtqnN+CL3YhpUnSzHNoUBQL03qDsN9Lr1XeKIxTqEH3BtiBgg==",
      "requires": {
        "he": "^1.1.1",
        "mime": "^1.2.11",
        "minimist": "^1.1.0",
        "url-join": "^2.0.2"
      }
    },
    "ee-first": {
      "version": "1.1.1",
      "resolved": "https://artifactnub1.jfrog.io/artifactnub1/api/npm/npm-virtual/ee-first/-/ee-first-1.1.1.tgz",
      "integrity": "sha1-WQxhFWsK4vTwJVcyoViyZrxWsh0="
    },
    "encodeurl": {
      "version": "1.0.2",
      "resolved": "https://artifactnub1.jfrog.io/artifactnub1/api/npm/npm-virtual/encodeurl/-/encodeurl-1.0.2.tgz",
      "integrity": "sha1-rT/0yG7C0CkyL1oCw6mmBslbP1k="
    },
    "es6-promise": {
      "version": "4.2.5",
      "resolved": "https://artifactnub1.jfrog.io/artifactnub1/api/npm/npm-virtual/es6-promise/-/es6-promise-4.2.5.tgz",
      "integrity": "sha1-2m0NVpLvtGHggsFIF/4kJ9j10FQ="
    },
    "es6-promisify": {
      "version": "5.0.0",
      "resolved": "https://artifactnub1.jfrog.io/artifactnub1/api/npm/npm-virtual/es6-promisify/-/es6-promisify-5.0.0.tgz",
      "integrity": "sha1-UQnWLz5W6pZ8S2NQWu8IKRyKUgM=",
      "requires": {
        "es6-promise": "^4.0.3"
      }
    },
    "escape-html": {
      "version": "1.0.3",
      "resolved": "https://artifactnub1.jfrog.io/artifactnub1/api/npm/npm-virtual/escape-html/-/escape-html-1.0.3.tgz",
      "integrity": "sha1-Aljq5NPQwJdN4cFpGI7wBR0dGYg="
    },
    "escodegen": {
      "version": "1.11.0",
      "resolved": "https://artifactnub1.jfrog.io/artifactnub1/api/npm/npm-virtual/escodegen/-/escodegen-1.11.0.tgz",
      "integrity": "sha1-snqTiUgdW/1b7Hb3ux6z+PRVZYk=",
      "requires": {
        "esprima": "^3.1.3",
        "estraverse": "^4.2.0",
        "esutils": "^2.0.2",
        "optionator": "^0.8.1",
        "source-map": "~0.6.1"
      }
    },
    "esprima": {
      "version": "3.1.3",
      "resolved": "https://artifactnub1.jfrog.io/artifactnub1/api/npm/npm-virtual/esprima/-/esprima-3.1.3.tgz",
      "integrity": "sha1-/cpRzuYTOJXjyI1TXOSdv/YqRjM="
    },
    "estraverse": {
      "version": "4.2.0",
      "resolved": "https://artifactnub1.jfrog.io/artifactnub1/api/npm/npm-virtual/estraverse/-/estraverse-4.2.0.tgz",
      "integrity": "sha1-De4/7TH81GlhjOc0IJn8GvoL2xM="
    },
    "esutils": {
      "version": "2.0.2",
      "resolved": "https://artifactnub1.jfrog.io/artifactnub1/api/npm/npm-virtual/esutils/-/esutils-2.0.2.tgz",
      "integrity": "sha1-Cr9PHKpbyx96nYrMbepPqqBLrJs="
    },
    "etag": {
      "version": "1.8.1",
      "resolved": "https://artifactnub1.jfrog.io/artifactnub1/api/npm/npm-virtual/etag/-/etag-1.8.1.tgz",
      "integrity": "sha1-Qa4u62XvpiJorr/qg6x9eSmbCIc="
    },
    "eventemitter2": {
      "version": "2.2.1",
      "resolved": "https://artifactnub1.jfrog.io/artifactnub1/api/npm/npm-virtual/eventemitter2/-/eventemitter2-2.2.1.tgz",
      "integrity": "sha1-u08J/5va5ZIKj0K+8NKW+BuA0DQ="
    },
    "eventemitter3": {
      "version": "1.2.0",
      "resolved": "https://artifactnub1.jfrog.io/artifactnub1/api/npm/npm-virtual/eventemitter3/-/eventemitter3-1.2.0.tgz",
      "integrity": "sha1-HIaZHYFq0eUEdQ5zh0Ik7PO+xQg="
    },
    "express": {
      "version": "4.16.2",
      "resolved": "https://artifactnub1.jfrog.io/artifactnub1/api/npm/npm-virtual/express/-/express-4.16.2.tgz",
      "integrity": "sha1-41xt/i1kt9ygpc1PIXgb4ymeB2w=",
      "requires": {
        "accepts": "~1.3.4",
        "array-flatten": "1.1.1",
        "body-parser": "1.18.2",
        "content-disposition": "0.5.2",
        "content-type": "~1.0.4",
        "cookie": "0.3.1",
        "cookie-signature": "1.0.6",
        "debug": "2.6.9",
        "depd": "~1.1.1",
        "encodeurl": "~1.0.1",
        "escape-html": "~1.0.3",
        "etag": "~1.8.1",
        "finalhandler": "1.1.0",
        "fresh": "0.5.2",
        "merge-descriptors": "1.0.1",
        "methods": "~1.1.2",
        "on-finished": "~2.3.0",
        "parseurl": "~1.3.2",
        "path-to-regexp": "0.1.7",
        "proxy-addr": "~2.0.2",
        "qs": "6.5.1",
        "range-parser": "~1.2.0",
        "safe-buffer": "5.1.1",
        "send": "0.16.1",
        "serve-static": "1.13.1",
        "setprototypeof": "1.1.0",
        "statuses": "~1.3.1",
        "type-is": "~1.6.15",
        "utils-merge": "1.0.1",
        "vary": "~1.1.2"
      },
      "dependencies": {
        "debug": {
          "version": "2.6.9",
          "resolved": "https://artifactnub1.jfrog.io/artifactnub1/api/npm/npm-virtual/debug/-/debug-2.6.9.tgz",
          "integrity": "sha1-XRKFFd8TT/Mn6QpMk/Tgd6U2NB8=",
          "requires": {
            "ms": "2.0.0"
          }
        },
        "setprototypeof": {
          "version": "1.1.0",
          "resolved": "https://artifactnub1.jfrog.io/artifactnub1/api/npm/npm-virtual/setprototypeof/-/setprototypeof-1.1.0.tgz",
          "integrity": "sha1-0L2FU2iHtv58DYGMuWLZ2RxU5lY="
        },
        "statuses": {
          "version": "1.3.1",
          "resolved": "https://artifactnub1.jfrog.io/artifactnub1/api/npm/npm-virtual/statuses/-/statuses-1.3.1.tgz",
          "integrity": "sha1-+vUbnrdKrvOzrPStX2Gr8ky3uT4="
        }
      }
    },
    "extend": {
      "version": "3.0.2",
      "resolved": "https://artifactnub1.jfrog.io/artifactnub1/api/npm/npm-virtual/extend/-/extend-3.0.2.tgz",
      "integrity": "sha1-+LETa0Bx+9jrFAr/hYsQGewpFfo="
    },
    "fast-levenshtein": {
      "version": "2.0.6",
      "resolved": "https://artifactnub1.jfrog.io/artifactnub1/api/npm/npm-virtual/fast-levenshtein/-/fast-levenshtein-2.0.6.tgz",
      "integrity": "sha1-PYpcZog6FqMMqGQ+hR8Zuqd5eRc="
    },
    "file-uri-to-path": {
      "version": "1.0.0",
      "resolved": "https://artifactnub1.jfrog.io/artifactnub1/api/npm/npm-virtual/file-uri-to-path/-/file-uri-to-path-1.0.0.tgz",
      "integrity": "sha1-VTp7hEb/b2hDWcRF8eN6BdrMM90="
    },
    "finalhandler": {
      "version": "1.1.0",
      "resolved": "https://artifactnub1.jfrog.io/artifactnub1/api/npm/npm-virtual/finalhandler/-/finalhandler-1.1.0.tgz",
      "integrity": "sha1-zgtoVbRYU+eRsvzGgARtiCU91/U=",
      "requires": {
        "debug": "2.6.9",
        "encodeurl": "~1.0.1",
        "escape-html": "~1.0.3",
        "on-finished": "~2.3.0",
        "parseurl": "~1.3.2",
        "statuses": "~1.3.1",
        "unpipe": "~1.0.0"
      },
      "dependencies": {
        "debug": {
          "version": "2.6.9",
          "resolved": "https://artifactnub1.jfrog.io/artifactnub1/api/npm/npm-virtual/debug/-/debug-2.6.9.tgz",
          "integrity": "sha1-XRKFFd8TT/Mn6QpMk/Tgd6U2NB8=",
          "requires": {
            "ms": "2.0.0"
          }
        },
        "statuses": {
          "version": "1.3.1",
          "resolved": "https://artifactnub1.jfrog.io/artifactnub1/api/npm/npm-virtual/statuses/-/statuses-1.3.1.tgz",
          "integrity": "sha1-+vUbnrdKrvOzrPStX2Gr8ky3uT4="
        }
      }
    },
    "follow-redirects": {
      "version": "1.6.1",
      "resolved": "https://artifactnub1.jfrog.io/artifactnub1/api/npm/npm-virtual/follow-redirects/-/follow-redirects-1.6.1.tgz",
      "integrity": "sha1-UUlzxEtXVzaLrYvd/lL4HwFclMs=",
      "requires": {
        "debug": "=3.1.0"
      }
    },
    "form-data": {
      "version": "2.3.3",
      "resolved": "https://artifactnub1.jfrog.io/artifactnub1/api/npm/npm-virtual/form-data/-/form-data-2.3.3.tgz",
      "integrity": "sha1-3M5SwF9kTymManq5Nr1yTO/786Y=",
      "requires": {
        "asynckit": "^0.4.0",
        "combined-stream": "^1.0.6",
        "mime-types": "^2.1.12"
      }
    },
    "formidable": {
      "version": "1.2.1",
      "resolved": "https://artifactnub1.jfrog.io/artifactnub1/api/npm/npm-virtual/formidable/-/formidable-1.2.1.tgz",
      "integrity": "sha1-cPt8oCkO5v+WEJBBX0s989IIJlk="
    },
    "forwarded": {
      "version": "0.1.2",
      "resolved": "https://artifactnub1.jfrog.io/artifactnub1/api/npm/npm-virtual/forwarded/-/forwarded-0.1.2.tgz",
      "integrity": "sha1-mMI9qxF1ZXuMBXPozszZGw/xjIQ="
    },
    "fresh": {
      "version": "0.5.2",
      "resolved": "https://artifactnub1.jfrog.io/artifactnub1/api/npm/npm-virtual/fresh/-/fresh-0.5.2.tgz",
      "integrity": "sha1-PYyt2Q2XZWn6g1qx+OSyOhBWBac="
    },
    "ftp": {
      "version": "0.3.10",
      "resolved": "https://artifactnub1.jfrog.io/artifactnub1/api/npm/npm-virtual/ftp/-/ftp-0.3.10.tgz",
      "integrity": "sha1-kZfYYa2BQvPmPVqDv+TFn3MwiF0=",
      "requires": {
        "readable-stream": "1.1.x",
        "xregexp": "2.0.0"
      },
      "dependencies": {
        "isarray": {
          "version": "0.0.1",
          "resolved": "https://artifactnub1.jfrog.io/artifactnub1/api/npm/npm-virtual/isarray/-/isarray-0.0.1.tgz",
          "integrity": "sha1-ihis/Kmo9Bd+Cav8YDiTmwXR7t8="
        },
        "readable-stream": {
          "version": "1.1.14",
          "resolved": "https://artifactnub1.jfrog.io/artifactnub1/api/npm/npm-virtual/readable-stream/-/readable-stream-1.1.14.tgz",
          "integrity": "sha1-fPTFTvZI44EwhMY23SB54WbAgdk=",
          "requires": {
            "core-util-is": "~1.0.0",
            "inherits": "~2.0.1",
            "isarray": "0.0.1",
            "string_decoder": "~0.10.x"
          }
        },
        "string_decoder": {
          "version": "0.10.31",
          "resolved": "https://artifactnub1.jfrog.io/artifactnub1/api/npm/npm-virtual/string_decoder/-/string_decoder-0.10.31.tgz",
          "integrity": "sha1-YuIDvEF2bGwoyfyEMB2rHFMQ+pQ="
        }
      }
    },
    "get-uri": {
      "version": "2.0.3",
      "resolved": "https://artifactnub1.jfrog.io/artifactnub1/api/npm/npm-virtual/get-uri/-/get-uri-2.0.3.tgz",
      "integrity": "sha1-+hM1Iml4HXUWLG/IE8npBTI/urU=",
      "requires": {
        "data-uri-to-buffer": "2",
        "debug": "4",
        "extend": "~3.0.2",
        "file-uri-to-path": "1",
        "ftp": "~0.3.10",
        "readable-stream": "3"
      },
      "dependencies": {
        "debug": {
          "version": "4.1.1",
          "resolved": "https://artifactnub1.jfrog.io/artifactnub1/api/npm/npm-virtual/debug/-/debug-4.1.1.tgz",
          "integrity": "sha1-O3ImAlUQnGtYnO4FDx1RYTlmR5E=",
          "requires": {
            "ms": "^2.1.1"
          }
        },
        "ms": {
          "version": "2.1.1",
          "resolved": "https://artifactnub1.jfrog.io/artifactnub1/api/npm/npm-virtual/ms/-/ms-2.1.1.tgz",
          "integrity": "sha1-MKWGTrPrsKZvLr5tcnrwagnYbgo="
        },
        "readable-stream": {
          "version": "3.1.1",
          "resolved": "https://artifactnub1.jfrog.io/artifactnub1/api/npm/npm-virtual/readable-stream/-/readable-stream-3.1.1.tgz",
          "integrity": "sha1-7Wu8bFuliwkAOf8YzmcFFXla6wY=",
          "requires": {
            "inherits": "^2.0.3",
            "string_decoder": "^1.1.1",
            "util-deprecate": "^1.0.1"
          }
        }
      }
    },
    "he": {
      "version": "1.2.0",
      "resolved": "https://registry.npmjs.org/he/-/he-1.2.0.tgz",
      "integrity": "sha512-F/1DnUGPopORZi0ni+CvrCgHQ5FyEAHRLSApuYWMmrbSwoN2Mn/7k+Gl38gJnR7yyDZk6WLXwiGod1JOWNDKGw=="
    },
    "http-errors": {
      "version": "1.6.2",
      "resolved": "https://artifactnub1.jfrog.io/artifactnub1/api/npm/npm-virtual/http-errors/-/http-errors-1.6.2.tgz",
      "integrity": "sha1-CgAsyFcHGSp+eUbO7cERVfYOxzY=",
      "requires": {
        "depd": "1.1.1",
        "inherits": "2.0.3",
        "setprototypeof": "1.0.3",
        "statuses": ">= 1.3.1 < 2"
      }
    },
    "http-proxy": {
      "version": "1.16.2",
      "resolved": "https://artifactnub1.jfrog.io/artifactnub1/api/npm/npm-virtual/http-proxy/-/http-proxy-1.16.2.tgz",
      "integrity": "sha1-Bt/ykpUr9k2+hHH6nfcwZtTzd0I=",
      "requires": {
        "eventemitter3": "1.x.x",
        "requires-port": "1.x.x"
      }
    },
    "http-proxy-agent": {
      "version": "2.1.0",
      "resolved": "https://artifactnub1.jfrog.io/artifactnub1/api/npm/npm-virtual/http-proxy-agent/-/http-proxy-agent-2.1.0.tgz",
      "integrity": "sha1-5IIb7vWyFCogJr1zkm/lN2McVAU=",
      "requires": {
        "agent-base": "4",
        "debug": "3.1.0"
      }
    },
    "http-server": {
      "version": "0.10.0",
      "resolved": "https://artifactnub1.jfrog.io/artifactnub1/api/npm/npm-virtual/http-server/-/http-server-0.10.0.tgz",
      "integrity": "sha1-sqRGsWqduH7TxiK6m+sbCFsSNKc=",
      "requires": {
        "colors": "1.0.3",
        "corser": "~2.0.0",
        "ecstatic": "^2.0.0",
        "http-proxy": "^1.8.1",
        "opener": "~1.4.0",
        "optimist": "0.6.x",
        "portfinder": "^1.0.13",
        "union": "~0.4.3"
      }
    },
    "https-proxy-agent": {
      "version": "2.2.1",
      "resolved": "https://artifactnub1.jfrog.io/artifactnub1/api/npm/npm-virtual/https-proxy-agent/-/https-proxy-agent-2.2.1.tgz",
      "integrity": "sha1-UVUpcPoE1yPgTFbQQXjD+SWSu8A=",
      "requires": {
        "agent-base": "^4.1.0",
        "debug": "^3.1.0"
      }
    },
    "humanize-ms": {
      "version": "1.2.1",
      "resolved": "https://artifactnub1.jfrog.io/artifactnub1/api/npm/npm-virtual/humanize-ms/-/humanize-ms-1.2.1.tgz",
      "integrity": "sha1-xG4xWaKT9riW2ikxbYtv6Lt5u+0=",
      "requires": {
        "ms": "^2.0.0"
      }
    },
    "iconv-lite": {
      "version": "0.4.19",
      "resolved": "https://artifactnub1.jfrog.io/artifactnub1/api/npm/npm-virtual/iconv-lite/-/iconv-lite-0.4.19.tgz",
      "integrity": "sha1-90aPYBNfXl2tM5nAqBvpoWA6CCs="
    },
    "inherits": {
      "version": "2.0.3",
      "resolved": "https://artifactnub1.jfrog.io/artifactnub1/api/npm/npm-virtual/inherits/-/inherits-2.0.3.tgz",
      "integrity": "sha1-Yzwsg+PaQqUC9SRmAiSA9CCCYd4="
    },
    "ip": {
      "version": "1.1.5",
      "resolved": "https://artifactnub1.jfrog.io/artifactnub1/api/npm/npm-virtual/ip/-/ip-1.1.5.tgz",
      "integrity": "sha1-vd7XARQpCCjAoDnnLvJfWq7ENUo="
    },
    "ipaddr.js": {
      "version": "1.5.2",
      "resolved": "https://artifactnub1.jfrog.io/artifactnub1/api/npm/npm-virtual/ipaddr.js/-/ipaddr.js-1.5.2.tgz",
      "integrity": "sha1-1LUFvemUaYfM8PxY2QEP+WB+P6A="
    },
    "is-buffer": {
      "version": "1.1.6",
      "resolved": "https://artifactnub1.jfrog.io/artifactnub1/api/npm/npm-virtual/is-buffer/-/is-buffer-1.1.6.tgz",
      "integrity": "sha1-76ouqdqg16suoTqXsritUf776L4="
    },
    "isarray": {
      "version": "1.0.0",
      "resolved": "https://artifactnub1.jfrog.io/artifactnub1/api/npm/npm-virtual/isarray/-/isarray-1.0.0.tgz",
      "integrity": "sha1-u5NdSFgsuhaMBoNJV6VKPgcSTxE="
    },
    "levn": {
      "version": "0.3.0",
      "resolved": "https://artifactnub1.jfrog.io/artifactnub1/api/npm/npm-virtual/levn/-/levn-0.3.0.tgz",
      "integrity": "sha1-OwmSTt+fCDwEkP3UwLxEIeBHZO4=",
      "requires": {
        "prelude-ls": "~1.1.2",
        "type-check": "~0.3.2"
      }
    },
    "lil-uuid": {
      "version": "0.1.1",
      "resolved": "https://artifactnub1.jfrog.io/artifactnub1/api/npm/npm-virtual/lil-uuid/-/lil-uuid-0.1.1.tgz",
      "integrity": "sha1-+e3PI/AOQr9D8PhD2Y2LU/M0HxY="
    },
    "lodash": {
      "version": "4.17.11",
      "resolved": "https://artifactnub1.jfrog.io/artifactnub1/api/npm/npm-virtual/lodash/-/lodash-4.17.11.tgz",
      "integrity": "sha1-s56mIp72B+zYniyN8SU2iRysm40="
    },
    "lru-cache": {
      "version": "4.1.5",
      "resolved": "https://artifactnub1.jfrog.io/artifactnub1/api/npm/npm-virtual/lru-cache/-/lru-cache-4.1.5.tgz",
      "integrity": "sha1-i75Q6oW+1ZvJ4z3KuCNe6bz0Q80=",
      "requires": {
        "pseudomap": "^1.0.2",
        "yallist": "^2.1.2"
      }
    },
    "media-typer": {
      "version": "0.3.0",
      "resolved": "https://artifactnub1.jfrog.io/artifactnub1/api/npm/npm-virtual/media-typer/-/media-typer-0.3.0.tgz",
      "integrity": "sha1-hxDXrwqmJvj/+hzgAWhUUmMlV0g="
    },
    "merge-descriptors": {
      "version": "1.0.1",
      "resolved": "https://artifactnub1.jfrog.io/artifactnub1/api/npm/npm-virtual/merge-descriptors/-/merge-descriptors-1.0.1.tgz",
      "integrity": "sha1-sAqqVW3YtEVoFQ7J0blT8/kMu2E="
    },
    "methods": {
      "version": "1.1.2",
      "resolved": "https://artifactnub1.jfrog.io/artifactnub1/api/npm/npm-virtual/methods/-/methods-1.1.2.tgz",
      "integrity": "sha1-VSmk1nZUE07cxSZmVoNbD4Ua/O4="
    },
    "mime": {
      "version": "1.6.0",
      "resolved": "https://artifactnub1.jfrog.io/artifactnub1/api/npm/npm-virtual/mime/-/mime-1.6.0.tgz",
      "integrity": "sha1-Ms2eXGRVO9WNGaVor0Uqz/BJgbE="
    },
    "mime-db": {
      "version": "1.30.0",
      "resolved": "https://artifactnub1.jfrog.io/artifactnub1/api/npm/npm-virtual/mime-db/-/mime-db-1.30.0.tgz",
      "integrity": "sha1-dMZD2i3Z1qRTmZY0ZbJtXKfXHwE="
    },
    "mime-types": {
      "version": "2.1.17",
      "resolved": "https://artifactnub1.jfrog.io/artifactnub1/api/npm/npm-virtual/mime-types/-/mime-types-2.1.17.tgz",
      "integrity": "sha1-Cdejk/A+mVp5+K+Fe3Cp4KsWVXo=",
      "requires": {
        "mime-db": "~1.30.0"
      }
    },
    "minimist": {
      "version": "1.2.0",
      "resolved": "https://artifactnub1.jfrog.io/artifactnub1/api/npm/npm-virtual/minimist/-/minimist-1.2.0.tgz",
      "integrity": "sha1-o1AIsg9BOD7sH7kU9M1d95omQoQ="
    },
    "mkdirp": {
      "version": "0.5.1",
      "resolved": "https://artifactnub1.jfrog.io/artifactnub1/api/npm/npm-virtual/mkdirp/-/mkdirp-0.5.1.tgz",
      "integrity": "sha1-MAV0OOrGz3+MR2fzhkjWaX11yQM=",
      "requires": {
        "minimist": "0.0.8"
      },
      "dependencies": {
        "minimist": {
          "version": "0.0.8",
          "resolved": "https://artifactnub1.jfrog.io/artifactnub1/api/npm/npm-virtual/minimist/-/minimist-0.0.8.tgz",
          "integrity": "sha1-hX/Kv8M5fSYluCKCYuhqp6ARsF0="
        }
      }
    },
    "ms": {
      "version": "2.0.0",
      "resolved": "https://artifactnub1.jfrog.io/artifactnub1/api/npm/npm-virtual/ms/-/ms-2.0.0.tgz",
      "integrity": "sha1-VgiurfwAvmwpAd9fmGF4jeDVl8g="
    },
    "negotiator": {
      "version": "0.6.1",
      "resolved": "https://artifactnub1.jfrog.io/artifactnub1/api/npm/npm-virtual/negotiator/-/negotiator-0.6.1.tgz",
      "integrity": "sha1-KzJxhOiZIQEXeyhWP7XnECrNDKk="
    },
    "netmask": {
      "version": "1.0.6",
      "resolved": "https://artifactnub1.jfrog.io/artifactnub1/api/npm/npm-virtual/netmask/-/netmask-1.0.6.tgz",
      "integrity": "sha1-ICl+idhvb2QA8lDZ9Pa0wZRfzTU="
    },
    "on-finished": {
      "version": "2.3.0",
      "resolved": "https://artifactnub1.jfrog.io/artifactnub1/api/npm/npm-virtual/on-finished/-/on-finished-2.3.0.tgz",
      "integrity": "sha1-IPEzZIGwg811M3mSoWlxqi2QaUc=",
      "requires": {
        "ee-first": "1.1.1"
      }
    },
    "opener": {
      "version": "1.4.3",
      "resolved": "https://artifactnub1.jfrog.io/artifactnub1/api/npm/npm-virtual/opener/-/opener-1.4.3.tgz",
      "integrity": "sha1-XG2ixdflgx6P+jlklQ+NZnSskLg="
    },
    "optimist": {
      "version": "0.6.1",
      "resolved": "https://artifactnub1.jfrog.io/artifactnub1/api/npm/npm-virtual/optimist/-/optimist-0.6.1.tgz",
      "integrity": "sha1-2j6nRob6IaGaERwybpDrFaAZZoY=",
      "requires": {
        "minimist": "~0.0.1",
        "wordwrap": "~0.0.2"
      },
      "dependencies": {
        "minimist": {
          "version": "0.0.10",
          "resolved": "https://artifactnub1.jfrog.io/artifactnub1/api/npm/npm-virtual/minimist/-/minimist-0.0.10.tgz",
          "integrity": "sha1-3j+YVD2/lggr5IrRoMfNqDYwHc8="
        },
        "wordwrap": {
          "version": "0.0.3",
          "resolved": "https://artifactnub1.jfrog.io/artifactnub1/api/npm/npm-virtual/wordwrap/-/wordwrap-0.0.3.tgz",
          "integrity": "sha1-o9XabNXAvAAI03I0u68b7WMFkQc="
        }
      }
    },
    "optionator": {
      "version": "0.8.2",
      "resolved": "https://artifactnub1.jfrog.io/artifactnub1/api/npm/npm-virtual/optionator/-/optionator-0.8.2.tgz",
      "integrity": "sha1-NkxeQJ0/TWMB1sC0wFu6UBgK62Q=",
      "requires": {
        "deep-is": "~0.1.3",
        "fast-levenshtein": "~2.0.4",
        "levn": "~0.3.0",
        "prelude-ls": "~1.1.2",
        "type-check": "~0.3.2",
        "wordwrap": "~1.0.0"
      }
    },
    "pac-proxy-agent": {
      "version": "2.0.2",
      "resolved": "https://artifactnub1.jfrog.io/artifactnub1/api/npm/npm-virtual/pac-proxy-agent/-/pac-proxy-agent-2.0.2.tgz",
      "integrity": "sha1-kNn2cwqw9NJgfc3NTT1kGqJsOJY=",
      "requires": {
        "agent-base": "^4.2.0",
        "debug": "^3.1.0",
        "get-uri": "^2.0.0",
        "http-proxy-agent": "^2.1.0",
        "https-proxy-agent": "^2.2.1",
        "pac-resolver": "^3.0.0",
        "raw-body": "^2.2.0",
        "socks-proxy-agent": "^3.0.0"
      }
    },
    "pac-resolver": {
      "version": "3.0.0",
      "resolved": "https://artifactnub1.jfrog.io/artifactnub1/api/npm/npm-virtual/pac-resolver/-/pac-resolver-3.0.0.tgz",
      "integrity": "sha1-auoweH2wqJFwTet4AKcip2FabyY=",
      "requires": {
        "co": "^4.6.0",
        "degenerator": "^1.0.4",
        "ip": "^1.1.5",
        "netmask": "^1.0.6",
        "thunkify": "^2.1.2"
      }
    },
    "parseurl": {
      "version": "1.3.2",
      "resolved": "https://artifactnub1.jfrog.io/artifactnub1/api/npm/npm-virtual/parseurl/-/parseurl-1.3.2.tgz",
      "integrity": "sha1-/CidTtiZMRlGDBViUyYs3I3mW/M="
    },
    "path-to-regexp": {
      "version": "0.1.7",
      "resolved": "https://artifactnub1.jfrog.io/artifactnub1/api/npm/npm-virtual/path-to-regexp/-/path-to-regexp-0.1.7.tgz",
      "integrity": "sha1-32BBeABfUi8V60SQ5yR6G/qmf4w="
    },
    "portfinder": {
      "version": "1.0.13",
      "resolved": "https://artifactnub1.jfrog.io/artifactnub1/api/npm/npm-virtual/portfinder/-/portfinder-1.0.13.tgz",
      "integrity": "sha1-uzLs2HwnEErm7kS1o8y/Drsa7ek=",
      "requires": {
        "async": "^1.5.2",
        "debug": "^2.2.0",
        "mkdirp": "0.5.x"
      },
      "dependencies": {
        "async": {
          "version": "1.5.2",
          "resolved": "https://artifactnub1.jfrog.io/artifactnub1/api/npm/npm-virtual/async/-/async-1.5.2.tgz",
          "integrity": "sha1-7GphrlZIDAw8skHJVhjiCJL5Zyo="
        },
        "debug": {
          "version": "2.6.9",
          "resolved": "https://artifactnub1.jfrog.io/artifactnub1/api/npm/npm-virtual/debug/-/debug-2.6.9.tgz",
          "integrity": "sha1-XRKFFd8TT/Mn6QpMk/Tgd6U2NB8=",
          "requires": {
            "ms": "2.0.0"
          }
        }
      }
    },
    "prelude-ls": {
      "version": "1.1.2",
      "resolved": "https://artifactnub1.jfrog.io/artifactnub1/api/npm/npm-virtual/prelude-ls/-/prelude-ls-1.1.2.tgz",
      "integrity": "sha1-IZMqVJ9eUv/ZqCf1cOBL5iqX2lQ="
    },
    "process-nextick-args": {
      "version": "2.0.0",
      "resolved": "https://artifactnub1.jfrog.io/artifactnub1/api/npm/npm-virtual/process-nextick-args/-/process-nextick-args-2.0.0.tgz",
      "integrity": "sha1-o31zL0JxtKsa0HDTVQjoKQeI/6o="
    },
    "proxy-addr": {
      "version": "2.0.2",
      "resolved": "https://artifactnub1.jfrog.io/artifactnub1/api/npm/npm-virtual/proxy-addr/-/proxy-addr-2.0.2.tgz",
      "integrity": "sha1-ZXFQT0e7mI7IGAJT+F3X4UlSvew=",
      "requires": {
        "forwarded": "~0.1.2",
        "ipaddr.js": "1.5.2"
      }
    },
    "proxy-agent": {
      "version": "2.3.1",
      "resolved": "https://artifactnub1.jfrog.io/artifactnub1/api/npm/npm-virtual/proxy-agent/-/proxy-agent-2.3.1.tgz",
      "integrity": "sha1-PUnYY9Rs9fN8qDlISDRuoCNz6sY=",
      "requires": {
        "agent-base": "^4.2.0",
        "debug": "^3.1.0",
        "http-proxy-agent": "^2.1.0",
        "https-proxy-agent": "^2.2.1",
        "lru-cache": "^4.1.2",
        "pac-proxy-agent": "^2.0.1",
        "proxy-from-env": "^1.0.0",
        "socks-proxy-agent": "^3.0.0"
      }
    },
    "proxy-from-env": {
      "version": "1.0.0",
      "resolved": "https://artifactnub1.jfrog.io/artifactnub1/api/npm/npm-virtual/proxy-from-env/-/proxy-from-env-1.0.0.tgz",
      "integrity": "sha1-M8UDmPcOp+uW0h97gXYwpVeRx+4="
    },
    "pseudomap": {
      "version": "1.0.2",
      "resolved": "https://artifactnub1.jfrog.io/artifactnub1/api/npm/npm-virtual/pseudomap/-/pseudomap-1.0.2.tgz",
      "integrity": "sha1-8FKijacOYYkX7wqKw0wa5aaChrM="
    },
    "pubnub": {
      "version": "4.20.2",
      "resolved": "https://artifactnub1.jfrog.io/artifactnub1/api/npm/npm-virtual/pubnub/-/pubnub-4.20.2.tgz",
      "integrity": "sha1-wq8evy4iYurfRmruRiYy0NLyjCY=",
      "requires": {
        "agentkeepalive": "^3.1.0",
        "lil-uuid": "^0.1.1",
        "superagent": "^3.8.1",
        "superagent-proxy": "^1.0.2"
      }
    },
    "qs": {
      "version": "6.5.1",
      "resolved": "https://artifactnub1.jfrog.io/artifactnub1/api/npm/npm-virtual/qs/-/qs-6.5.1.tgz",
      "integrity": "sha1-NJzfbu+J7EXBLX1es/wMhwNDptg="
    },
    "range-parser": {
      "version": "1.2.0",
      "resolved": "https://artifactnub1.jfrog.io/artifactnub1/api/npm/npm-virtual/range-parser/-/range-parser-1.2.0.tgz",
      "integrity": "sha1-9JvmtIeJTdxA3MlKMi9hEJLgDV4="
    },
    "raw-body": {
      "version": "2.3.2",
      "resolved": "https://artifactnub1.jfrog.io/artifactnub1/api/npm/npm-virtual/raw-body/-/raw-body-2.3.2.tgz",
      "integrity": "sha1-vNYMd9Prk83gBQKVw/N5OJvIj4k=",
      "requires": {
        "bytes": "3.0.0",
        "http-errors": "1.6.2",
        "iconv-lite": "0.4.19",
        "unpipe": "1.0.0"
      }
    },
    "readable-stream": {
      "version": "2.3.6",
      "resolved": "https://artifactnub1.jfrog.io/artifactnub1/api/npm/npm-virtual/readable-stream/-/readable-stream-2.3.6.tgz",
      "integrity": "sha1-sRwn2IuP8fvgcGQ8+UsMea4bCq8=",
      "requires": {
        "core-util-is": "~1.0.0",
        "inherits": "~2.0.3",
        "isarray": "~1.0.0",
        "process-nextick-args": "~2.0.0",
        "safe-buffer": "~5.1.1",
        "string_decoder": "~1.1.1",
        "util-deprecate": "~1.0.1"
      }
    },
    "requires-port": {
      "version": "1.0.0",
      "resolved": "https://artifactnub1.jfrog.io/artifactnub1/api/npm/npm-virtual/requires-port/-/requires-port-1.0.0.tgz",
      "integrity": "sha1-kl0mAdOaxIXgkc8NpcbmlNw9yv8="
    },
    "safe-buffer": {
      "version": "5.1.1",
      "resolved": "https://artifactnub1.jfrog.io/artifactnub1/api/npm/npm-virtual/safe-buffer/-/safe-buffer-5.1.1.tgz",
      "integrity": "sha1-iTMSr2myEj3vcfV4iQAWce6yyFM="
    },
    "send": {
      "version": "0.16.1",
      "resolved": "https://artifactnub1.jfrog.io/artifactnub1/api/npm/npm-virtual/send/-/send-0.16.1.tgz",
      "integrity": "sha1-pw4coh0TgsEdDZ9iMd6ygQgNerM=",
      "requires": {
        "debug": "2.6.9",
        "depd": "~1.1.1",
        "destroy": "~1.0.4",
        "encodeurl": "~1.0.1",
        "escape-html": "~1.0.3",
        "etag": "~1.8.1",
        "fresh": "0.5.2",
        "http-errors": "~1.6.2",
        "mime": "1.4.1",
        "ms": "2.0.0",
        "on-finished": "~2.3.0",
        "range-parser": "~1.2.0",
        "statuses": "~1.3.1"
      },
      "dependencies": {
        "debug": {
          "version": "2.6.9",
          "resolved": "https://artifactnub1.jfrog.io/artifactnub1/api/npm/npm-virtual/debug/-/debug-2.6.9.tgz",
          "integrity": "sha1-XRKFFd8TT/Mn6QpMk/Tgd6U2NB8=",
          "requires": {
            "ms": "2.0.0"
          }
        },
        "mime": {
          "version": "1.4.1",
          "resolved": "https://artifactnub1.jfrog.io/artifactnub1/api/npm/npm-virtual/mime/-/mime-1.4.1.tgz",
          "integrity": "sha1-Eh+evEnjdm8xGnbh+hyAA8SwOqY="
        },
        "statuses": {
          "version": "1.3.1",
          "resolved": "https://artifactnub1.jfrog.io/artifactnub1/api/npm/npm-virtual/statuses/-/statuses-1.3.1.tgz",
          "integrity": "sha1-+vUbnrdKrvOzrPStX2Gr8ky3uT4="
        }
      }
    },
    "serve-static": {
      "version": "1.13.1",
      "resolved": "https://artifactnub1.jfrog.io/artifactnub1/api/npm/npm-virtual/serve-static/-/serve-static-1.13.1.tgz",
      "integrity": "sha1-TFfVNASnYdjy58HooYpH2/J4pxk=",
      "requires": {
        "encodeurl": "~1.0.1",
        "escape-html": "~1.0.3",
        "parseurl": "~1.3.2",
        "send": "0.16.1"
      }
    },
    "setprototypeof": {
      "version": "1.0.3",
      "resolved": "https://artifactnub1.jfrog.io/artifactnub1/api/npm/npm-virtual/setprototypeof/-/setprototypeof-1.0.3.tgz",
      "integrity": "sha1-ZlZ+NwQ+608E2RvWWMDL77VbjgQ="
    },
    "smart-buffer": {
      "version": "1.1.15",
      "resolved": "https://artifactnub1.jfrog.io/artifactnub1/api/npm/npm-virtual/smart-buffer/-/smart-buffer-1.1.15.tgz",
      "integrity": "sha1-fxFLW2X6s+KjWqd1uxLw0cZJvxY="
    },
    "socks": {
      "version": "1.1.10",
      "resolved": "https://artifactnub1.jfrog.io/artifactnub1/api/npm/npm-virtual/socks/-/socks-1.1.10.tgz",
      "integrity": "sha1-W4t/x8jzQcU+0FbpKbe/Tei6e1o=",
      "requires": {
        "ip": "^1.1.4",
        "smart-buffer": "^1.0.13"
      }
    },
    "socks-proxy-agent": {
      "version": "3.0.1",
      "resolved": "https://artifactnub1.jfrog.io/artifactnub1/api/npm/npm-virtual/socks-proxy-agent/-/socks-proxy-agent-3.0.1.tgz",
      "integrity": "sha1-Lq58+OKoLTRWV2FTmn+XGMVhdlk=",
      "requires": {
        "agent-base": "^4.1.0",
        "socks": "^1.1.10"
      }
    },
    "source-map": {
      "version": "0.6.1",
      "resolved": "https://artifactnub1.jfrog.io/artifactnub1/api/npm/npm-virtual/source-map/-/source-map-0.6.1.tgz",
      "integrity": "sha1-dHIq8y6WFOnCh6jQu95IteLxomM=",
      "optional": true
    },
    "statuses": {
      "version": "1.4.0",
      "resolved": "https://artifactnub1.jfrog.io/artifactnub1/api/npm/npm-virtual/statuses/-/statuses-1.4.0.tgz",
      "integrity": "sha1-u3PURtonlhBu/MG2AaJT1sRr0Ic="
    },
    "string_decoder": {
      "version": "1.1.1",
      "resolved": "https://artifactnub1.jfrog.io/artifactnub1/api/npm/npm-virtual/string_decoder/-/string_decoder-1.1.1.tgz",
      "integrity": "sha1-nPFhG6YmhdcDCunkujQUnDrwP8g=",
      "requires": {
        "safe-buffer": "~5.1.0"
      }
    },
    "superagent": {
      "version": "3.8.3",
      "resolved": "https://artifactnub1.jfrog.io/artifactnub1/api/npm/npm-virtual/superagent/-/superagent-3.8.3.tgz",
      "integrity": "sha1-Rg6g29t9WxG8T3jeulZfhqF44Sg=",
      "requires": {
        "component-emitter": "^1.2.0",
        "cookiejar": "^2.1.0",
        "debug": "^3.1.0",
        "extend": "^3.0.0",
        "form-data": "^2.3.1",
        "formidable": "^1.2.0",
        "methods": "^1.1.1",
        "mime": "^1.4.1",
        "qs": "^6.5.1",
        "readable-stream": "^2.3.5"
      }
    },
    "superagent-proxy": {
      "version": "1.0.3",
      "resolved": "https://artifactnub1.jfrog.io/artifactnub1/api/npm/npm-virtual/superagent-proxy/-/superagent-proxy-1.0.3.tgz",
      "integrity": "sha1-rPp3ZnLxHCSpCtV16FXe+L5E90E=",
      "requires": {
        "debug": "^3.1.0",
        "proxy-agent": "2"
      }
    },
    "thunkify": {
      "version": "2.1.2",
      "resolved": "https://artifactnub1.jfrog.io/artifactnub1/api/npm/npm-virtual/thunkify/-/thunkify-2.1.2.tgz",
      "integrity": "sha1-+qDp0jDFGsyVyhOjYawFyn4EVT0="
    },
    "type-check": {
      "version": "0.3.2",
      "resolved": "https://artifactnub1.jfrog.io/artifactnub1/api/npm/npm-virtual/type-check/-/type-check-0.3.2.tgz",
      "integrity": "sha1-WITKtRLPHTVeP7eE8wgEsrUg23I=",
      "requires": {
        "prelude-ls": "~1.1.2"
      }
    },
    "type-is": {
      "version": "1.6.15",
      "resolved": "https://artifactnub1.jfrog.io/artifactnub1/api/npm/npm-virtual/type-is/-/type-is-1.6.15.tgz",
      "integrity": "sha1-yrEPtJCeRByChC6v4a1kbIGARBA=",
      "requires": {
        "media-typer": "0.3.0",
        "mime-types": "~2.1.15"
      }
    },
    "union": {
      "version": "0.4.6",
      "resolved": "https://artifactnub1.jfrog.io/artifactnub1/api/npm/npm-virtual/union/-/union-0.4.6.tgz",
      "integrity": "sha1-GY+9rrolTniLDvy2MLwR8kopWeA=",
      "requires": {
        "qs": "~2.3.3"
      },
      "dependencies": {
        "qs": {
          "version": "2.3.3",
          "resolved": "https://artifactnub1.jfrog.io/artifactnub1/api/npm/npm-virtual/qs/-/qs-2.3.3.tgz",
          "integrity": "sha1-6eha2+ddoLvkyOBHaghikPhjtAQ="
        }
      }
    },
    "unpipe": {
      "version": "1.0.0",
      "resolved": "https://artifactnub1.jfrog.io/artifactnub1/api/npm/npm-virtual/unpipe/-/unpipe-1.0.0.tgz",
      "integrity": "sha1-sr9O6FFKrmFltIF4KdIbLvSZBOw="
    },
    "url-join": {
      "version": "2.0.5",
      "resolved": "https://artifactnub1.jfrog.io/artifactnub1/api/npm/npm-virtual/url-join/-/url-join-2.0.5.tgz",
      "integrity": "sha1-WvIvGMBSoACkjXuCxenC4v7tpyg="
    },
    "util-deprecate": {
      "version": "1.0.2",
      "resolved": "https://artifactnub1.jfrog.io/artifactnub1/api/npm/npm-virtual/util-deprecate/-/util-deprecate-1.0.2.tgz",
      "integrity": "sha1-RQ1Nyfpw3nMnYvvS1KKJgUGaDM8="
    },
    "utils-merge": {
      "version": "1.0.1",
      "resolved": "https://artifactnub1.jfrog.io/artifactnub1/api/npm/npm-virtual/utils-merge/-/utils-merge-1.0.1.tgz",
      "integrity": "sha1-n5VxD1CiZ5R7LMwSR0HBAoQn5xM="
    },
    "vary": {
      "version": "1.1.2",
      "resolved": "https://artifactnub1.jfrog.io/artifactnub1/api/npm/npm-virtual/vary/-/vary-1.1.2.tgz",
      "integrity": "sha1-IpnwLG3tMNSllhsLn3RSShj2NPw="
    },
    "wordwrap": {
      "version": "1.0.0",
      "resolved": "https://artifactnub1.jfrog.io/artifactnub1/api/npm/npm-virtual/wordwrap/-/wordwrap-1.0.0.tgz",
      "integrity": "sha1-J1hIEIkUVqQXHI0CJkQa3pDLyus="
    },
    "xregexp": {
      "version": "2.0.0",
      "resolved": "https://artifactnub1.jfrog.io/artifactnub1/api/npm/npm-virtual/xregexp/-/xregexp-2.0.0.tgz",
      "integrity": "sha1-UqY+VsoLhKfzpfPWGHLxJq16WUM="
    },
    "yallist": {
      "version": "2.1.2",
      "resolved": "https://artifactnub1.jfrog.io/artifactnub1/api/npm/npm-virtual/yallist/-/yallist-2.1.2.tgz",
      "integrity": "sha1-HBH5IY8HYImkfdUS+TxmmaaoHVI="
    }
  }
}
